<?xml version="1.0" encoding="utf-8"?>
<Project ToolsVersion="4.0" xmlns="http://schemas.microsoft.com/developer/msbuild/2003">
  <ItemGroup>
    <Filter Include="Source Files">
      <UniqueIdentifier>{4FC737F1-C7A5-4376-A066-2A32D752A2FF}</UniqueIdentifier>
      <Extensions>cpp;c;cc;cxx;def;odl;idl;hpj;bat;asm;asmx</Extensions>
    </Filter>
    <Filter Include="Header Files">
      <UniqueIdentifier>{93995380-89BD-4b04-88EB-625FBE52EBFB}</UniqueIdentifier>
      <Extensions>h;hh;hpp;hxx;hm;inl;inc;xsd</Extensions>
    </Filter>
    <Filter Include="Resource Files">
      <UniqueIdentifier>{67DA6AB6-F800-4c08-8B7A-83BB121AAD01}</UniqueIdentifier>
      <Extensions>rc;ico;cur;bmp;dlg;rc2;rct;bin;rgs;gif;jpg;jpeg;jpe;resx;tiff;tif;png;wav;mfcribbon-ms</Extensions>
    </Filter>
    <Filter Include="Header Files\PayLoads">
      <UniqueIdentifier>{a40a8131-989c-4f59-90ad-663315530418}</UniqueIdentifier>
    </Filter>
    <Filter Include="xml">
      <UniqueIdentifier>{77403445-a5b6-4ace-8485-ccf0e7c433d1}</UniqueIdentifier>
    </Filter>
    <Filter Include="Source Files\PayLoadCpp">
      <UniqueIdentifier>{b101b9cf-2727-4738-84e7-84376dd0ab9b}</UniqueIdentifier>
    </Filter>
    <Filter Include="Header Files\PayLoadUtilities">
      <UniqueIdentifier>{df8de23a-d80e-4773-8c0f-583688163f91}</UniqueIdentifier>
    </Filter>
  </ItemGroup>
  <ItemGroup>
    <ClInclude Include="DbCore.h">
      <Filter>Header Files</Filter>
    </ClInclude>
    <ClInclude Include="PayLoad.h">
      <Filter>Header Files\PayLoads</Filter>
    </ClInclude>
    <ClInclude Include="PayLoadUtils.h">
      <Filter>Header Files\PayLoadUtilities</Filter>
    </ClInclude>
  </ItemGroup>
  <ItemGroup>
    <ClCompile Include="PayLoad.cpp">
      <Filter>Source Files\PayLoadCpp</Filter>
    </ClCompile>
    <ClCompile Include="PayLoadXMLTemplate.h">
      <Filter>Header Files\PayLoadUtilities</Filter>
    </ClCompile>
  </ItemGroup>
  <ItemGroup>
    <Xml Include="NoSqlDbFile.xml">
      <Filter>xml</Filter>
    </Xml>
  </ItemGroup>
</Project>